
Microsoft Visual Studio Solution File, Format Version 12.00
# Visual Studio Version 17
VisualStudioVersion = 17.10.35122.118
MinimumVisualStudioVersion = 10.0.40219.1
Project("{FAE04EC0-301F-11D3-BF4B-00C04F79EFBC}") = "EF_Core_API", "EF_Core_API\EF_Core_API.csproj", "{B996DA1B-5551-4B27-B19D-CFD3866B082F}"
EndProject
Global
	GlobalSection(SolutionConfigurationPlatforms) = preSolution
		Debug|Any CPU = Debug|Any CPU
		Release|Any CPU = Release|Any CPU
	EndGlobalSection
	GlobalSection(ProjectConfigurationPlatforms) = postSolution
		{B996DA1B-5551-4B27-B19D-CFD3866B082F}.Debug|Any CPU.ActiveCfg = Debug|Any CPU
		{B996DA1B-5551-4B27-B19D-CFD3866B082F}.Debug|Any CPU.Build.0 = Debug|Any CPU
		{B996DA1B-5551-4B27-B19D-CFD3866B082F}.Release|Any CPU.ActiveCfg = Release|Any CPU
		{B996DA1B-5551-4B27-B19D-CFD3866B082F}.Release|Any CPU.Build.0 = Release|Any CPU
	EndGlobalSection
	GlobalSection(SolutionProperties) = preSolution
		HideSolutionNode = FALSE
	EndGlobalSection
	GlobalSection(ExtensibilityGlobals) = postSolution
		SolutionGuid = {3EC66062-B9CA-488E-B0AC-ACF00F26E105}
	EndGlobalSection
EndGlobal
